// !$*UTF8*$!
{
	archiveVersion = 1;
	classes = {
	};
	objectVersion = 56;
	objects = {

/* Begin PBXBuildFile section */
		469BBB682B0E5CCE0048EC92 /* AppDelegate.swift in Sources */ = {isa = PBXBuildFile; fileRef = 469BBB672B0E5CCE0048EC92 /* AppDelegate.swift */; };
		469BBB6A2B0E5CCE0048EC92 /* SceneDelegate.swift in Sources */ = {isa = PBXBuildFile; fileRef = 469BBB692B0E5CCE0048EC92 /* SceneDelegate.swift */; };
		469BBB6C2B0E5CCE0048EC92 /* ViewController.swift in Sources */ = {isa = PBXBuildFile; fileRef = 469BBB6B2B0E5CCE0048EC92 /* ViewController.swift */; };
		469BBB6F2B0E5CCE0048EC92 /* Main.storyboard in Resources */ = {isa = PBXBuildFile; fileRef = 469BBB6D2B0E5CCE0048EC92 /* Main.storyboard */; };
		469BBB712B0E5CD00048EC92 /* Assets.xcassets in Resources */ = {isa = PBXBuildFile; fileRef = 469BBB702B0E5CD00048EC92 /* Assets.xcassets */; };
		469BBB742B0E5CD00048EC92 /* LaunchScreen.storyboard in Resources */ = {isa = PBXBuildFile; fileRef = 469BBB722B0E5CD00048EC92 /* LaunchScreen.storyboard */; };
		469BBB852B0E5DB70048EC92 /* Model.xcdatamodeld in Sources */ = {isa = PBXBuildFile; fileRef = 469BBB832B0E5DB70048EC92 /* Model.xcdatamodeld */; };
/* End PBXBuildFile section */

/* Begin PBXFileReference section */
		469BBB642B0E5CCE0048EC92 /* FollowYourHealt.app */ = {isa = PBXFileReference; explicitFileType = wrapper.application; includeInIndex = 0; path = FollowYourHealt.app; sourceTree = BUILT_PRODUCTS_DIR; };
		469BBB672B0E5CCE0048EC92 /* AppDelegate.swift */ = {isa = PBXFileReference; lastKnownFileType = sourcecode.swift; path = AppDelegate.swift; sourceTree = "<group>"; };
		469BBB692B0E5CCE0048EC92 /* SceneDelegate.swift */ = {isa = PBXFileReference; lastKnownFileType = sourcecode.swift; path = SceneDelegate.swift; sourceTree = "<group>"; };
		469BBB6B2B0E5CCE0048EC92 /* ViewController.swift */ = {isa = PBXFileReference; lastKnownFileType = sourcecode.swift; path = ViewController.swift; sourceTree = "<group>"; };
		469BBB6E2B0E5CCE0048EC92 /* Base */ = {isa = PBXFileReference; lastKnownFileType = file.storyboard; name = Base; path = Base.lproj/Main.storyboard; sourceTree = "<group>"; };
		469BBB702B0E5CD00048EC92 /* Assets.xcassets */ = {isa = PBXFileReference; lastKnownFileType = folder.assetcatalog; path = Assets.xcassets; sourceTree = "<group>"; };
		469BBB732B0E5CD00048EC92 /* Base */ = {isa = PBXFileReference; lastKnownFileType = file.storyboard; name = Base; path = Base.lproj/LaunchScreen.storyboard; sourceTree = "<group>"; };
		469BBB752B0E5CD00048EC92 /* Info.plist */ = {isa = PBXFileReference; lastKnownFileType = text.plist.xml; path = Info.plist; sourceTree = "<group>"; };
		469BBB842B0E5DB70048EC92 /* Model.xcdatamodel */ = {isa = PBXFileReference; lastKnownFileType = wrapper.xcdatamodel; path = Model.xcdatamodel; sourceTree = "<group>"; };
/* End PBXFileReference section */

/* Begin PBXFrameworksBuildPhase section */
		469BBB612B0E5CCE0048EC92 /* Frameworks */ = {
			isa = PBXFrameworksBuildPhase;
			buildActionMask = 2147483647;
			files = (
			);
			runOnlyForDeploymentPostprocessing = 0;
		};
/* End PBXFrameworksBuildPhase section */

/* Begin PBXGroup section */
		469BBB5B2B0E5CCE0048EC92 = {
			isa = PBXGroup;
			children = (
				469BBB832B0E5DB70048EC92 /* Model.xcdatamodeld */,
				469BBB662B0E5CCE0048EC92 /* FollowYourHealt */,
				469BBB652B0E5CCE0048EC92 /* Products */,
			);
			sourceTree = "<group>";
		};
		469BBB652B0E5CCE0048EC92 /* Products */ = {
			isa = PBXGroup;
			children = (
				469BBB642B0E5CCE0048EC92 /* FollowYourHealt.app */,
			);
			name = Products;
			sourceTree = "<group>";
		};
		469BBB662B0E5CCE0048EC92 /* FollowYourHealt */ = {
			isa = PBXGroup;
			children = (
				469BBB822B0E5D110048EC92 /* Others */,
				469BBB7B2B0E5CD90048EC92 /* Modules */,
				469BBB672B0E5CCE0048EC92 /* AppDelegate.swift */,
				469BBB692B0E5CCE0048EC92 /* SceneDelegate.swift */,
				469BBB6B2B0E5CCE0048EC92 /* ViewController.swift */,
				469BBB6D2B0E5CCE0048EC92 /* Main.storyboard */,
				469BBB702B0E5CD00048EC92 /* Assets.xcassets */,
				469BBB722B0E5CD00048EC92 /* LaunchScreen.storyboard */,
			);
			path = FollowYourHealt;
			sourceTree = "<group>";
		};
		469BBB7B2B0E5CD90048EC92 /* Modules */ = {
			isa = PBXGroup;
			children = (
				469BBB812B0E5D070048EC92 /* SubModules */,
				469BBB802B0E5CFD0048EC92 /* Utils */,
				469BBB7F2B0E5CF40048EC92 /* Views */,
				469BBB7E2B0E5CEE0048EC92 /* ViewModels */,
				469BBB7D2B0E5CE90048EC92 /* Menu */,
				469BBB7C2B0E5CE00048EC92 /* Home */,
			);
			path = Modules;
			sourceTree = "<group>";
		};
		469BBB7C2B0E5CE00048EC92 /* Home */ = {
			isa = PBXGroup;
			children = (
			);
			path = Home;
			sourceTree = "<group>";
		};
		469BBB7D2B0E5CE90048EC92 /* Menu */ = {
			isa = PBXGroup;
			children = (
			);
			path = Menu;
			sourceTree = "<group>";
		};
		469BBB7E2B0E5CEE0048EC92 /* ViewModels */ = {
			isa = PBXGroup;
			children = (
			);
			path = ViewModels;
			sourceTree = "<group>";
		};
		469BBB7F2B0E5CF40048EC92 /* Views */ = {
			isa = PBXGroup;
			children = (
			);
			path = Views;
			sourceTree = "<group>";
		};
		469BBB802B0E5CFD0048EC92 /* Utils */ = {
			isa = PBXGroup;
			children = (
			);
			path = Utils;
			sourceTree = "<group>";
		};
		469BBB812B0E5D070048EC92 /* SubModules */ = {
			isa = PBXGroup;
			children = (
			);
			path = SubModules;
			sourceTree = "<group>";
		};
		469BBB822B0E5D110048EC92 /* Others */ = {
			isa = PBXGroup;
			children = (
				469BBB752B0E5CD00048EC92 /* Info.plist */,
			);
			path = Others;
			sourceTree = "<group>";
		};
/* End PBXGroup section */

/* Begin PBXNativeTarget section */
		469BBB632B0E5CCE0048EC92 /* FollowYourHealt */ = {
			isa = PBXNativeTarget;
			buildConfigurationList = 469BBB782B0E5CD00048EC92 /* Build configuration list for PBXNativeTarget "FollowYourHealt" */;
			buildPhases = (
				469BBB602B0E5CCE0048EC92 /* Sources */,
				469BBB612B0E5CCE0048EC92 /* Frameworks */,
				469BBB622B0E5CCE0048EC92 /* Resources */,
			);
			buildRules = (
			);
			dependencies = (
			);
			name = FollowYourHealt;
			productName = FollowYourHealt;
			productReference = 469BBB642B0E5CCE0048EC92 /* FollowYourHealt.app */;
			productType = "com.apple.product-type.application";
		};
/* End PBXNativeTarget section */

/* Begin PBXProject section */
		469BBB5C2B0E5CCE0048EC92 /* Project object */ = {
			isa = PBXProject;
			attributes = {
				BuildIndependentTargetsInParallel = 1;
				LastSwiftUpdateCheck = 1500;
				LastUpgradeCheck = 1500;
				TargetAttributes = {
					469BBB632B0E5CCE0048EC92 = {
						CreatedOnToolsVersion = 15.0;
					};
				};
			};
			buildConfigurationList = 469BBB5F2B0E5CCE0048EC92 /* Build configuration list for PBXProject "FollowYourHealt" */;
			compatibilityVersion = "Xcode 14.0";
			developmentRegion = en;
			hasScannedForEncodings = 0;
			knownRegions = (
				en,
				Base,
			);
			mainGroup = 469BBB5B2B0E5CCE0048EC92;
			productRefGroup = 469BBB652B0E5CCE0048EC92 /* Products */;
			projectDirPath = "";
			projectRoot = "";
			targets = (
				469BBB632B0E5CCE0048EC92 /* FollowYourHealt */,
			);
		};
/* End PBXProject section */

/* Begin PBXResourcesBuildPhase section */
		469BBB622B0E5CCE0048EC92 /* Resources */ = {
			isa = PBXResourcesBuildPhase;
			buildActionMask = 2147483647;
			files = (
				469BBB742B0E5CD00048EC92 /* LaunchScreen.storyboard in Resources */,
				469BBB712B0E5CD00048EC92 /* Assets.xcassets in Resources */,
				469BBB6F2B0E5CCE0048EC92 /* Main.storyboard in Resources */,
			);
			runOnlyForDeploymentPostprocessing = 0;
		};
/* End PBXResourcesBuildPhase section */

/* Begin PBXSourcesBuildPhase section */
		469BBB602B0E5CCE0048EC92 /* Sources */ = {
			isa = PBXSourcesBuildPhase;
			buildActionMask = 2147483647;
			files = (
				469BBB6C2B0E5CCE0048EC92 /* ViewController.swift in Sources */,
				469BBB682B0E5CCE0048EC92 /* AppDelegate.swift in Sources */,
				469BBB6A2B0E5CCE0048EC92 /* SceneDelegate.swift in Sources */,
				469BBB852B0E5DB70048EC92 /* Model.xcdatamodeld in Sources */,
			);
			runOnlyForDeploymentPostprocessing = 0;
		};
/* End PBXSourcesBuildPhase section */

/* Begin PBXVariantGroup section */
		469BBB6D2B0E5CCE0048EC92 /* Main.storyboard */ = {
			isa = PBXVariantGroup;
			children = (
				469BBB6E2B0E5CCE0048EC92 /* Base */,
			);
			name = Main.storyboard;
			sourceTree = "<group>";
		};
		469BBB722B0E5CD00048EC92 /* LaunchScreen.storyboard */ = {
			isa = PBXVariantGroup;
			children = (
				469BBB732B0E5CD00048EC92 /* Base */,
			);
			name = LaunchScreen.storyboard;
			sourceTree = "<group>";
		};
/* End PBXVariantGroup section */

/* Begin XCBuildConfiguration section */
		469BBB762B0E5CD00048EC92 /* Debug */ = {
			isa = XCBuildConfiguration;
			buildSettings = {
				ALWAYS_SEARCH_USER_PATHS = NO;
				ASSETCATALOG_COMPILER_GENERATE_SWIFT_ASSET_SYMBOL_EXTENSIONS = YES;
				CLANG_ANALYZER_NONNULL = YES;
				CLANG_ANALYZER_NUMBER_OBJECT_CONVERSION = YES_AGGRESSIVE;
				CLANG_CXX_LANGUAGE_STANDARD = "gnu++20";
				CLANG_ENABLE_MODULES = YES;
				CLANG_ENABLE_OBJC_ARC = YES;
				CLANG_ENABLE_OBJC_WEAK = YES;
				CLANG_WARN_BLOCK_CAPTURE_AUTORELEASING = YES;
				CLANG_WARN_BOOL_CONVERSION = YES;
				CLANG_WARN_COMMA = YES;
				CLANG_WARN_CONSTANT_CONVERSION = YES;
				CLANG_WARN_DEPRECATED_OBJC_IMPLEMENTATIONS = YES;
				CLANG_WARN_DIRECT_OBJC_ISA_USAGE = YES_ERROR;
				CLANG_WARN_DOCUMENTATION_COMMENTS = YES;
				CLANG_WARN_EMPTY_BODY = YES;
				CLANG_WARN_ENUM_CONVERSION = YES;
				CLANG_WARN_INFINITE_RECURSION = YES;
				CLANG_WARN_INT_CONVERSION = YES;
				CLANG_WARN_NON_LITERAL_NULL_CONVERSION = YES;
				CLANG_WARN_OBJC_IMPLICIT_RETAIN_SELF = YES;
				CLANG_WARN_OBJC_LITERAL_CONVERSION = YES;
				CLANG_WARN_OBJC_ROOT_CLASS = YES_ERROR;
				CLANG_WARN_QUOTED_INCLUDE_IN_FRAMEWORK_HEADER = YES;
				CLANG_WARN_RANGE_LOOP_ANALYSIS = YES;
				CLANG_WARN_STRICT_PROTOTYPES = YES;
				CLANG_WARN_SUSPICIOUS_MOVE = YES;
				CLANG_WARN_UNGUARDED_AVAILABILITY = YES_AGGRESSIVE;
				CLANG_WARN_UNREACHABLE_CODE = YES;
				CLANG_WARN__DUPLICATE_METHOD_MATCH = YES;
				COPY_PHASE_STRIP = NO;
				DEBUG_INFORMATION_FORMAT = dwarf;
				ENABLE_STRICT_OBJC_MSGSEND = YES;
				ENABLE_TESTABILITY = YES;
				ENABLE_USER_SCRIPT_SANDBOXING = YES;
				GCC_C_LANGUAGE_STANDARD = gnu17;
				GCC_DYNAMIC_NO_PIC = NO;
				GCC_NO_COMMON_BLOCKS = YES;
				GCC_OPTIMIZATION_LEVEL = 0;
				GCC_PREPROCESSOR_DEFINITIONS = (
					"DEBUG=1",
					"$(inherited)",
				);
				GCC_WARN_64_TO_32_BIT_CONVERSION = YES;
				GCC_WARN_ABOUT_RETURN_TYPE = YES_ERROR;
				GCC_WARN_UNDECLARED_SELECTOR = YES;
				GCC_WARN_UNINITIALIZED_AUTOS = YES_AGGRESSIVE;
				GCC_WARN_UNUSED_FUNCTION = YES;
				GCC_WARN_UNUSED_VARIABLE = YES;
				IPHONEOS_DEPLOYMENT_TARGET = 17.0;
				LOCALIZATION_PREFERS_STRING_CATALOGS = YES;
				MTL_ENABLE_DEBUG_INFO = INCLUDE_SOURCE;
				MTL_FAST_MATH = YES;
				ONLY_ACTIVE_ARCH = YES;
				SDKROOT = iphoneos;
				SWIFT_ACTIVE_COMPILATION_CONDITIONS = "DEBUG $(inherited)";
				SWIFT_OPTIMIZATION_LEVEL = "-Onone";
			};
			name = Debug;
		};
		469BBB772B0E5CD00048EC92 /* Release */ = {
			isa = XCBuildConfiguration;
			buildSettings = {
				ALWAYS_SEARCH_USER_PATHS = NO;
				ASSETCATALOG_COMPILER_GENERATE_SWIFT_ASSET_SYMBOL_EXTENSIONS = YES;
				CLANG_ANALYZER_NONNULL = YES;
				CLANG_ANALYZER_NUMBER_OBJECT_CONVERSION = YES_AGGRESSIVE;
				CLANG_CXX_LANGUAGE_STANDARD = "gnu++20";
				CLANG_ENABLE_MODULES = YES;
				CLANG_ENABLE_OBJC_ARC = YES;
				CLANG_ENABLE_OBJC_WEAK = YES;
				CLANG_WARN_BLOCK_CAPTURE_AUTORELEASING = YES;
				CLANG_WARN_BOOL_CONVERSION = YES;
				CLANG_WARN_COMMA = YES;
				CLANG_WARN_CONSTANT_CONVERSION = YES;
				CLANG_WARN_DEPRECATED_OBJC_IMPLEMENTATIONS = YES;
				CLANG_WARN_DIRECT_OBJC_ISA_USAGE = YES_ERROR;
				CLANG_WARN_DOCUMENTATION_COMMENTS = YES;
				CLANG_WARN_EMPTY_BODY = YES;
				CLANG_WARN_ENUM_CONVERSION = YES;
				CLANG_WARN_INFINITE_RECURSION = YES;
				CLANG_WARN_INT_CONVERSION = YES;
				CLANG_WARN_NON_LITERAL_NULL_CONVERSION = YES;
				CLANG_WARN_OBJC_IMPLICIT_RETAIN_SELF = YES;
				CLANG_WARN_OBJC_LITERAL_CONVERSION = YES;
				CLANG_WARN_OBJC_ROOT_CLASS = YES_ERROR;
				CLANG_WARN_QUOTED_INCLUDE_IN_FRAMEWORK_HEADER = YES;
				CLANG_WARN_RANGE_LOOP_ANALYSIS = YES;
				CLANG_WARN_STRICT_PROTOTYPES = YES;
				CLANG_WARN_SUSPICIOUS_MOVE = YES;
				CLANG_WARN_UNGUARDED_AVAILABILITY = YES_AGGRESSIVE;
				CLANG_WARN_UNREACHABLE_CODE = YES;
				CLANG_WARN__DUPLICATE_METHOD_MATCH = YES;
				COPY_PHASE_STRIP = NO;
				DEBUG_INFORMATION_FORMAT = "dwarf-with-dsym";
				ENABLE_NS_ASSERTIONS = NO;
				ENABLE_STRICT_OBJC_MSGSEND = YES;
				ENABLE_USER_SCRIPT_SANDBOXING = YES;
				GCC_C_LANGUAGE_STANDARD = gnu17;
				GCC_NO_COMMON_BLOCKS = YES;
				GCC_WARN_64_TO_32_BIT_CONVERSION = YES;
				GCC_WARN_ABOUT_RETURN_TYPE = YES_ERROR;
				GCC_WARN_UNDECLARED_SELECTOR = YES;
				GCC_WARN_UNINITIALIZED_AUTOS = YES_AGGRESSIVE;
				GCC_WARN_UNUSED_FUNCTION = YES;
				GCC_WARN_UNUSED_VARIABLE = YES;
				IPHONEOS_DEPLOYMENT_TARGET = 17.0;
				LOCALIZATION_PREFERS_STRING_CATALOGS = YES;
				MTL_ENABLE_DEBUG_INFO = NO;
				MTL_FAST_MATH = YES;
				SDKROOT = iphoneos;
				SWIFT_COMPILATION_MODE = wholemodule;
				VALIDATE_PRODUCT = YES;
			};
			name = Release;
		};
		469BBB792B0E5CD00048EC92 /* Debug */ = {
			isa = XCBuildConfiguration;
			buildSettings = {
				ASSETCATALOG_COMPILER_APPICON_NAME = AppIcon;
				ASSETCATALOG_COMPILER_GLOBAL_ACCENT_COLOR_NAME = AccentColor;
				CODE_SIGN_STYLE = Automatic;
				CURRENT_PROJECT_VERSION = 1;
				DEVELOPMENT_TEAM = HYWSXS9XNK;
				GENERATE_INFOPLIST_FILE = YES;
				INFOPLIST_FILE = FollowYourHealt/Others/Info.plist;
				INFOPLIST_KEY_UIApplicationSupportsIndirectInputEvents = YES;
				INFOPLIST_KEY_UILaunchStoryboardName = LaunchScreen;
				INFOPLIST_KEY_UISupportedInterfaceOrientations_iPad = "UIInterfaceOrientationPortrait UIInterfaceOrientationPortraitUpsideDown UIInterfaceOrientationLandscapeLeft UIInterfaceOrientationLandscapeRight";
				INFOPLIST_KEY_UISupportedInterfaceOrientations_iPhone = "UIInterfaceOrientationPortrait UIInterfaceOrientationLandscapeLeft UIInterfaceOrientationLandscapeRight";
				LD_RUNPATH_SEARCH_PATHS = (
					"$(inherited)",
					"@executable_path/Frameworks",
				);
				MARKETING_VERSION = 1.0;
				PRODUCT_BUNDLE_IDENTIFIER = com.onuremren.FollowYourHealt;
				PRODUCT_NAME = "$(TARGET_NAME)";
				SWIFT_EMIT_LOC_STRINGS = YES;
				SWIFT_VERSION = 5.0;
				TARGETED_DEVICE_FAMILY = "1,2";
			};
			name = Debug;
		};
		469BBB7A2B0E5CD00048EC92 /* Release */ = {
			isa = XCBuildConfiguration;
			buildSettings = {
				ASSETCATALOG_COMPILER_APPICON_NAME = AppIcon;
				ASSETCATALOG_COMPILER_GLOBAL_ACCENT_COLOR_NAME = AccentColor;
				CODE_SIGN_STYLE = Automatic;
				CURRENT_PROJECT_VERSION = 1;
				DEVELOPMENT_TEAM = HYWSXS9XNK;
				GENERATE_INFOPLIST_FILE = YES;
				INFOPLIST_FILE = FollowYourHealt/Others/Info.plist;
				INFOPLIST_KEY_UIApplicationSupportsIndirectInputEvents = YES;
				INFOPLIST_KEY_UILaunchStoryboardName = LaunchScreen;
				INFOPLIST_KEY_UISupportedInterfaceOrientations_iPad = "UIInterfaceOrientationPortrait UIInterfaceOrientationPortraitUpsideDown UIInterfaceOrientationLandscapeLeft UIInterfaceOrientationLandscapeRight";
				INFOPLIST_KEY_UISupportedInterfaceOrientations_iPhone = "UIInterfaceOrientationPortrait UIInterfaceOrientationLandscapeLeft UIInterfaceOrientationLandscapeRight";
				LD_RUNPATH_SEARCH_PATHS = (
					"$(inherited)",
					"@executable_path/Frameworks",
				);
				MARKETING_VERSION = 1.0;
				PRODUCT_BUNDLE_IDENTIFIER = com.onuremren.FollowYourHealt;
				PRODUCT_NAME = "$(TARGET_NAME)";
				SWIFT_EMIT_LOC_STRINGS = YES;
				SWIFT_VERSION = 5.0;
				TARGETED_DEVICE_FAMILY = "1,2";
			};
			name = Release;
		};
/* End XCBuildConfiguration section */

/* Begin XCConfigurationList section */
		469BBB5F2B0E5CCE0048EC92 /* Build configuration list for PBXProject "FollowYourHealt" */ = {
			isa = XCConfigurationList;
			buildConfigurations = (
				469BBB762B0E5CD00048EC92 /* Debug */,
				469BBB772B0E5CD00048EC92 /* Release */,
			);
			defaultConfigurationIsVisible = 0;
			defaultConfigurationName = Release;
		};
		469BBB782B0E5CD00048EC92 /* Build configuration list for PBXNativeTarget "FollowYourHealt" */ = {
			isa = XCConfigurationList;
			buildConfigurations = (
				469BBB792B0E5CD00048EC92 /* Debug */,
				469BBB7A2B0E5CD00048EC92 /* Release */,
			);
			defaultConfigurationIsVisible = 0;
			defaultConfigurationName = Release;
		};
/* End XCConfigurationList section */

/* Begin XCVersionGroup section */
		469BBB832B0E5DB70048EC92 /* Model.xcdatamodeld */ = {
			isa = XCVersionGroup;
			children = (
				469BBB842B0E5DB70048EC92 /* Model.xcdatamodel */,
			);
			currentVersion = 469BBB842B0E5DB70048EC92 /* Model.xcdatamodel */;
			path = Model.xcdatamodeld;
			sourceTree = "<group>";
			versionGroupType = wrapper.xcdatamodel;
		};
/* End XCVersionGroup section */
	};
	rootObject = 469BBB5C2B0E5CCE0048EC92 /* Project object */;
}
